<?xml version="1.0" encoding="UTF-8" standalone="yes" ?>
<CodeBlocks_project_file>
	<FileVersion major="1" minor="6" />
	<Project>
		<Option title="Avarus" />
		<Option pch_mode="2" />
		<Option compiler="gcc" />
		<Build>
			<Target title="Debug">
				<Option output="bin/Debug/Avarus" prefix_auto="1" extension_auto="1" />
				<Option object_output="obj/Debug/" />
				<Option type="1" />
				<Option compiler="gcc" />
				<Compiler>
					<Add option="-Wall" />
					<Add option="-std=c++0x" />
					<Add option="-m64" />
					<Add option="-g" />
				</Compiler>
				<Linker>
					<Add option="-m64" />
				</Linker>
			</Target>
			<Target title="Release">
				<Option output="bin/Release/Avarus" prefix_auto="1" extension_auto="1" />
				<Option object_output="obj/Release/" />
				<Option type="1" />
				<Option compiler="gcc" />
				<Compiler>
					<Add option="-O3" />
					<Add option="-Wall" />
					<Add option="-std=c++0x" />
				</Compiler>
				<Linker>
					<Add option="-s" />
				</Linker>
			</Target>
		</Build>
		<Compiler>
			<Add option="-Wall" />
			<Add directory="/home/jack/Projects/Avarus/include" />
		</Compiler>
		<Linker>
			<Add library="sfml-graphics" />
			<Add library="sfml-window" />
			<Add library="sfml-system" />
			<Add library="Box2D" />
		</Linker>
		<Unit filename="include/Atlas.hpp" />
		<Unit filename="include/Block.hpp" />
		<Unit filename="include/Chunk.hpp" />
		<Unit filename="include/ConfigLoader.hpp" />
		<Unit filename="include/Console.hpp" />
		<Unit filename="include/ConsoleLoop.hpp" />
		<Unit filename="include/Constants.hpp" />
		<Unit filename="include/DebugOverlay.hpp" />
		<Unit filename="include/Defines.hpp" />
		<Unit filename="include/EditableBuffer.hpp" />
		<Unit filename="include/Entity.hpp" />
		<Unit filename="include/Game.hpp" />
		<Unit filename="include/GameState.hpp" />
		<Unit filename="include/Generator.hpp" />
		<Unit filename="include/IdRegister.hpp" />
		<Unit filename="include/Logger.hpp" />
		<Unit filename="include/MainLoop.hpp" />
		<Unit filename="include/ObjRegister.hpp" />
		<Unit filename="include/Parser.hpp" />
		<Unit filename="include/Player.hpp" />
		<Unit filename="include/TextBox.hpp" />
		<Unit filename="json/json.hpp" />
		<Unit filename="src/Game.cpp" />
		<Unit filename="src/IdRegister.cpp" />
		<Unit filename="src/Logger.cpp" />
		<Unit filename="src/ObjRegister.cpp" />
		<Unit filename="src/atlas/Atlas.cpp" />
		<Unit filename="src/gamestate/ConsoleLoop.cpp" />
		<Unit filename="src/gamestate/GameState.cpp" />
		<Unit filename="src/gamestate/MainLoop.cpp" />
		<Unit filename="src/gui/Console.cpp" />
		<Unit filename="src/gui/DebugOverlay.cpp" />
		<Unit filename="src/gui/EditableBuffer.cpp" />
		<Unit filename="src/gui/TextBox.cpp" />
		<Unit filename="src/main.cpp" />
		<Unit filename="src/parser/ConfigLoader.cpp" />
		<Unit filename="src/parser/Parser.cpp" />
		<Unit filename="src/physics/Entity.cpp" />
		<Unit filename="src/physics/Player.cpp" />
		<Unit filename="src/physics/world/Block.cpp" />
		<Unit filename="src/physics/world/Chunk.cpp" />
		<Unit filename="src/physics/world/Generator.cpp" />
		<Extensions>
			<code_completion />
			<debugger />
		</Extensions>
	</Project>
</CodeBlocks_project_file>
